{
  "name": "qonto",
  "version": "1.0.0",
  "lockfileVersion": 1,
  "requires": true,
  "dependencies": {
    "fishingrod": {
      "version": "3.7.5",
      "resolved": "https://registry.npmjs.org/fishingrod/-/fishingrod-3.7.5.tgz",
      "integrity": "sha1-ozXFzcWYFm9dEAoAlO+Tp3bYM9U="
    }
  }
}
